
Microsoft Visual Studio Solution File, Format Version 12.00
# Visual Studio Version 17
VisualStudioVersion = 17.7.34031.279
MinimumVisualStudioVersion = 10.0.40219.1
Project("{FAE04EC0-301F-11D3-BF4B-00C04F79EFBC}") = "RestaurantManagement", "RestaurantManagement\RestaurantManagement.csproj", "{AE03F91A-53D0-429D-B9F5-E86B8AA82E54}"
EndProject
Project("{9A19103F-16F7-4668-BE54-9A1E7A4F7556}") = "DataAccessManager", "DataAccessManager\DataAccessManager.csproj", "{D1BDD8E2-041E-4B08-8F24-A3ADEDE89581}"
EndProject
Project("{FAE04EC0-301F-11D3-BF4B-00C04F79EFBC}") = "RestaurantManagementWebProject", "RestaurantManagementWebProject\RestaurantManagementWebProject.csproj", "{9D215989-0828-48ED-9121-A5725BFCD035}"
EndProject
Global
	GlobalSection(SolutionConfigurationPlatforms) = preSolution
		Debug|Any CPU = Debug|Any CPU
		Release|Any CPU = Release|Any CPU
	EndGlobalSection
	GlobalSection(ProjectConfigurationPlatforms) = postSolution
		{AE03F91A-53D0-429D-B9F5-E86B8AA82E54}.Debug|Any CPU.ActiveCfg = Debug|Any CPU
		{AE03F91A-53D0-429D-B9F5-E86B8AA82E54}.Debug|Any CPU.Build.0 = Debug|Any CPU
		{AE03F91A-53D0-429D-B9F5-E86B8AA82E54}.Release|Any CPU.ActiveCfg = Release|Any CPU
		{AE03F91A-53D0-429D-B9F5-E86B8AA82E54}.Release|Any CPU.Build.0 = Release|Any CPU
		{D1BDD8E2-041E-4B08-8F24-A3ADEDE89581}.Debug|Any CPU.ActiveCfg = Debug|Any CPU
		{D1BDD8E2-041E-4B08-8F24-A3ADEDE89581}.Debug|Any CPU.Build.0 = Debug|Any CPU
		{D1BDD8E2-041E-4B08-8F24-A3ADEDE89581}.Release|Any CPU.ActiveCfg = Release|Any CPU
		{D1BDD8E2-041E-4B08-8F24-A3ADEDE89581}.Release|Any CPU.Build.0 = Release|Any CPU
		{9D215989-0828-48ED-9121-A5725BFCD035}.Debug|Any CPU.ActiveCfg = Debug|Any CPU
		{9D215989-0828-48ED-9121-A5725BFCD035}.Debug|Any CPU.Build.0 = Debug|Any CPU
		{9D215989-0828-48ED-9121-A5725BFCD035}.Release|Any CPU.ActiveCfg = Release|Any CPU
		{9D215989-0828-48ED-9121-A5725BFCD035}.Release|Any CPU.Build.0 = Release|Any CPU
	EndGlobalSection
	GlobalSection(SolutionProperties) = preSolution
		HideSolutionNode = FALSE
	EndGlobalSection
	GlobalSection(ExtensibilityGlobals) = postSolution
		SolutionGuid = {E92FEBC5-9BDF-4046-9600-1DF094B46507}
	EndGlobalSection
EndGlobal
